
Microsoft Visual Studio Solution File, Format Version 12.00
# Visual Studio 15
VisualStudioVersion = 15.0.28307.271
MinimumVisualStudioVersion = 10.0.40219.1
Project("{FAE04EC0-301F-11D3-BF4B-00C04F79EFBC}") = "Calculator", "Calculator\Calculator.csproj", "{EB7A1CA3-13BB-4C44-A5E5-4DA10BF47F4B}"
EndProject
Project("{FAE04EC0-301F-11D3-BF4B-00C04F79EFBC}") = "Calculator.Tests", "Calculator.Tests\Calculator.Tests.csproj", "{E25E48AF-6584-47F4-B1D8-924D6D0D752E}"
EndProject
Global
	GlobalSection(SolutionConfigurationPlatforms) = preSolution
		Debug|Any CPU = Debug|Any CPU
		Release|Any CPU = Release|Any CPU
	EndGlobalSection
	GlobalSection(ProjectConfigurationPlatforms) = postSolution
		{EB7A1CA3-13BB-4C44-A5E5-4DA10BF47F4B}.Debug|Any CPU.ActiveCfg = Debug|Any CPU
		{EB7A1CA3-13BB-4C44-A5E5-4DA10BF47F4B}.Debug|Any CPU.Build.0 = Debug|Any CPU
		{EB7A1CA3-13BB-4C44-A5E5-4DA10BF47F4B}.Release|Any CPU.ActiveCfg = Release|Any CPU
		{EB7A1CA3-13BB-4C44-A5E5-4DA10BF47F4B}.Release|Any CPU.Build.0 = Release|Any CPU
		{E25E48AF-6584-47F4-B1D8-924D6D0D752E}.Debug|Any CPU.ActiveCfg = Debug|Any CPU
		{E25E48AF-6584-47F4-B1D8-924D6D0D752E}.Debug|Any CPU.Build.0 = Debug|Any CPU
		{E25E48AF-6584-47F4-B1D8-924D6D0D752E}.Release|Any CPU.ActiveCfg = Release|Any CPU
		{E25E48AF-6584-47F4-B1D8-924D6D0D752E}.Release|Any CPU.Build.0 = Release|Any CPU
	EndGlobalSection
	GlobalSection(SolutionProperties) = preSolution
		HideSolutionNode = FALSE
	EndGlobalSection
	GlobalSection(ExtensibilityGlobals) = postSolution
		SolutionGuid = {63F92883-98A4-4525-88B3-32315EBBEB8F}
	EndGlobalSection
EndGlobal
